
Microsoft Visual Studio Solution File, Format Version 12.00
# Visual Studio 15
VisualStudioVersion = 15.0.27004.2002
MinimumVisualStudioVersion = 10.0.40219.1
Project("{FAE04EC0-301F-11D3-BF4B-00C04F79EFBC}") = "WsMundial", "WsMundial\WsMundial.csproj", "{07F5D37D-FB64-4286-B4C8-EA04C739AC42}"
EndProject
Project("{FAE04EC0-301F-11D3-BF4B-00C04F79EFBC}") = "CADMundial", "CADMundial\CADMundial.csproj", "{C63A59E1-C5D0-4943-943E-1A25FED3A141}"
EndProject
Project("{FAE04EC0-301F-11D3-BF4B-00C04F79EFBC}") = "WorldCup2018", "WorldCup2018\WorldCup2018.csproj", "{D54932ED-1392-40D7-85A5-63B57BFB597B}"
EndProject
Global
	GlobalSection(SolutionConfigurationPlatforms) = preSolution
		Debug|Any CPU = Debug|Any CPU
		Release|Any CPU = Release|Any CPU
	EndGlobalSection
	GlobalSection(ProjectConfigurationPlatforms) = postSolution
		{07F5D37D-FB64-4286-B4C8-EA04C739AC42}.Debug|Any CPU.ActiveCfg = Debug|Any CPU
		{07F5D37D-FB64-4286-B4C8-EA04C739AC42}.Debug|Any CPU.Build.0 = Debug|Any CPU
		{07F5D37D-FB64-4286-B4C8-EA04C739AC42}.Release|Any CPU.ActiveCfg = Release|Any CPU
		{07F5D37D-FB64-4286-B4C8-EA04C739AC42}.Release|Any CPU.Build.0 = Release|Any CPU
		{C63A59E1-C5D0-4943-943E-1A25FED3A141}.Debug|Any CPU.ActiveCfg = Debug|Any CPU
		{C63A59E1-C5D0-4943-943E-1A25FED3A141}.Debug|Any CPU.Build.0 = Debug|Any CPU
		{C63A59E1-C5D0-4943-943E-1A25FED3A141}.Release|Any CPU.ActiveCfg = Release|Any CPU
		{C63A59E1-C5D0-4943-943E-1A25FED3A141}.Release|Any CPU.Build.0 = Release|Any CPU
		{D54932ED-1392-40D7-85A5-63B57BFB597B}.Debug|Any CPU.ActiveCfg = Debug|Any CPU
		{D54932ED-1392-40D7-85A5-63B57BFB597B}.Debug|Any CPU.Build.0 = Debug|Any CPU
		{D54932ED-1392-40D7-85A5-63B57BFB597B}.Debug|Any CPU.Deploy.0 = Debug|Any CPU
		{D54932ED-1392-40D7-85A5-63B57BFB597B}.Release|Any CPU.ActiveCfg = Release|Any CPU
		{D54932ED-1392-40D7-85A5-63B57BFB597B}.Release|Any CPU.Build.0 = Release|Any CPU
		{D54932ED-1392-40D7-85A5-63B57BFB597B}.Release|Any CPU.Deploy.0 = Release|Any CPU
	EndGlobalSection
	GlobalSection(SolutionProperties) = preSolution
		HideSolutionNode = FALSE
	EndGlobalSection
	GlobalSection(ExtensibilityGlobals) = postSolution
		SolutionGuid = {ACB5B82F-FEED-4FB1-BD22-6198B915F10F}
	EndGlobalSection
EndGlobal
